// !$*UTF8*$!
{
	archiveVersion = 1;
	classes = {
	};
	objectVersion = 46;
	objects = {

/* Begin PBXBuildFile section */
		3416793B1FA500E2008C2ECC /* AppDelegate.swift in Sources */ = {isa = PBXBuildFile; fileRef = 3416793A1FA500E2008C2ECC /* AppDelegate.swift */; };
		3416793D1FA500E2008C2ECC /* AJMViewController.swift in Sources */ = {isa = PBXBuildFile; fileRef = 3416793C1FA500E2008C2ECC /* AJMViewController.swift */; };
		341679401FA500E2008C2ECC /* Main.storyboard in Resources */ = {isa = PBXBuildFile; fileRef = 3416793E1FA500E2008C2ECC /* Main.storyboard */; };
		341679421FA500E2008C2ECC /* Assets.xcassets in Resources */ = {isa = PBXBuildFile; fileRef = 341679411FA500E2008C2ECC /* Assets.xcassets */; };
		341679451FA500E2008C2ECC /* LaunchScreen.storyboard in Resources */ = {isa = PBXBuildFile; fileRef = 341679431FA500E2008C2ECC /* LaunchScreen.storyboard */; };
		3416794E1FA5031C008C2ECC /* CustomCollectionViewHeader.xib in Resources */ = {isa = PBXBuildFile; fileRef = 3416794D1FA5031C008C2ECC /* CustomCollectionViewHeader.xib */; };
		341679501FA50369008C2ECC /* CustomCollectionViewHeader.swift in Sources */ = {isa = PBXBuildFile; fileRef = 3416794F1FA50369008C2ECC /* CustomCollectionViewHeader.swift */; };
		341679521FA504BB008C2ECC /* ContentCollectionViewCell.xib in Resources */ = {isa = PBXBuildFile; fileRef = 341679511FA504BB008C2ECC /* ContentCollectionViewCell.xib */; };
		341679541FA5054C008C2ECC /* ContentCollectionViewCell.swift in Sources */ = {isa = PBXBuildFile; fileRef = 341679531FA5054C008C2ECC /* ContentCollectionViewCell.swift */; };
/* End PBXBuildFile section */

/* Begin PBXFileReference section */
		341679371FA500E2008C2ECC /* AJMAccordion.app */ = {isa = PBXFileReference; explicitFileType = wrapper.application; includeInIndex = 0; path = AJMAccordion.app; sourceTree = BUILT_PRODUCTS_DIR; };
		3416793A1FA500E2008C2ECC /* AppDelegate.swift */ = {isa = PBXFileReference; lastKnownFileType = sourcecode.swift; path = AppDelegate.swift; sourceTree = "<group>"; };
		3416793C1FA500E2008C2ECC /* AJMViewController.swift */ = {isa = PBXFileReference; lastKnownFileType = sourcecode.swift; path = AJMViewController.swift; sourceTree = "<group>"; };
		3416793F1FA500E2008C2ECC /* Base */ = {isa = PBXFileReference; lastKnownFileType = file.storyboard; name = Base; path = Base.lproj/Main.storyboard; sourceTree = "<group>"; };
		341679411FA500E2008C2ECC /* Assets.xcassets */ = {isa = PBXFileReference; lastKnownFileType = folder.assetcatalog; path = Assets.xcassets; sourceTree = "<group>"; };
		341679441FA500E2008C2ECC /* Base */ = {isa = PBXFileReference; lastKnownFileType = file.storyboard; name = Base; path = Base.lproj/LaunchScreen.storyboard; sourceTree = "<group>"; };
		341679461FA500E2008C2ECC /* Info.plist */ = {isa = PBXFileReference; lastKnownFileType = text.plist.xml; path = Info.plist; sourceTree = "<group>"; };
		3416794D1FA5031C008C2ECC /* CustomCollectionViewHeader.xib */ = {isa = PBXFileReference; fileEncoding = 4; lastKnownFileType = file.xib; name = CustomCollectionViewHeader.xib; path = View/CustomCollectionViewHeader.xib; sourceTree = "<group>"; };
		3416794F1FA50369008C2ECC /* CustomCollectionViewHeader.swift */ = {isa = PBXFileReference; fileEncoding = 4; lastKnownFileType = sourcecode.swift; name = CustomCollectionViewHeader.swift; path = View/CustomCollectionViewHeader.swift; sourceTree = "<group>"; };
		341679511FA504BB008C2ECC /* ContentCollectionViewCell.xib */ = {isa = PBXFileReference; fileEncoding = 4; lastKnownFileType = file.xib; name = ContentCollectionViewCell.xib; path = View/ContentCollectionViewCell.xib; sourceTree = "<group>"; };
		341679531FA5054C008C2ECC /* ContentCollectionViewCell.swift */ = {isa = PBXFileReference; fileEncoding = 4; lastKnownFileType = sourcecode.swift; name = ContentCollectionViewCell.swift; path = View/ContentCollectionViewCell.swift; sourceTree = "<group>"; };
/* End PBXFileReference section */

/* Begin PBXFrameworksBuildPhase section */
		341679341FA500E2008C2ECC /* Frameworks */ = {
			isa = PBXFrameworksBuildPhase;
			buildActionMask = 2147483647;
			files = (
			);
			runOnlyForDeploymentPostprocessing = 0;
		};
/* End PBXFrameworksBuildPhase section */

/* Begin PBXGroup section */
		3416792E1FA500E2008C2ECC = {
			isa = PBXGroup;
			children = (
				341679391FA500E2008C2ECC /* AJMAccordion */,
				341679381FA500E2008C2ECC /* Products */,
			);
			sourceTree = "<group>";
		};
		341679381FA500E2008C2ECC /* Products */ = {
			isa = PBXGroup;
			children = (
				341679371FA500E2008C2ECC /* AJMAccordion.app */,
			);
			name = Products;
			sourceTree = "<group>";
		};
		341679391FA500E2008C2ECC /* AJMAccordion */ = {
			isa = PBXGroup;
			children = (
				3416794C1FA502E9008C2ECC /* View */,
				3416793A1FA500E2008C2ECC /* AppDelegate.swift */,
				3416793C1FA500E2008C2ECC /* AJMViewController.swift */,
				3416793E1FA500E2008C2ECC /* Main.storyboard */,
				341679411FA500E2008C2ECC /* Assets.xcassets */,
				341679431FA500E2008C2ECC /* LaunchScreen.storyboard */,
				341679461FA500E2008C2ECC /* Info.plist */,
			);
			path = AJMAccordion;
			sourceTree = "<group>";
		};
		3416794C1FA502E9008C2ECC /* View */ = {
			isa = PBXGroup;
			children = (
				3416794D1FA5031C008C2ECC /* CustomCollectionViewHeader.xib */,
				3416794F1FA50369008C2ECC /* CustomCollectionViewHeader.swift */,
				341679511FA504BB008C2ECC /* ContentCollectionViewCell.xib */,
				341679531FA5054C008C2ECC /* ContentCollectionViewCell.swift */,
			);
			name = View;
			sourceTree = "<group>";
		};
/* End PBXGroup section */

/* Begin PBXNativeTarget section */
		341679361FA500E2008C2ECC /* AJMAccordion */ = {
			isa = PBXNativeTarget;
			buildConfigurationList = 341679491FA500E2008C2ECC /* Build configuration list for PBXNativeTarget "AJMAccordion" */;
			buildPhases = (
				341679331FA500E2008C2ECC /* Sources */,
				341679341FA500E2008C2ECC /* Frameworks */,
				341679351FA500E2008C2ECC /* Resources */,
			);
			buildRules = (
			);
			dependencies = (
			);
			name = AJMAccordion;
			productName = AJMAccordion;
			productReference = 341679371FA500E2008C2ECC /* AJMAccordion.app */;
			productType = "com.apple.product-type.application";
		};
/* End PBXNativeTarget section */

/* Begin PBXProject section */
		3416792F1FA500E2008C2ECC /* Project object */ = {
			isa = PBXProject;
			attributes = {
				LastSwiftUpdateCheck = 0830;
				LastUpgradeCheck = 0830;
				ORGANIZATIONNAME = TheKairuz;
				TargetAttributes = {
					341679361FA500E2008C2ECC = {
						CreatedOnToolsVersion = 8.3.3;
						DevelopmentTeam = U4J2U6VS3H;
						ProvisioningStyle = Automatic;
					};
				};
			};
			buildConfigurationList = 341679321FA500E2008C2ECC /* Build configuration list for PBXProject "AJMAccordion" */;
			compatibilityVersion = "Xcode 3.2";
			developmentRegion = English;
			hasScannedForEncodings = 0;
			knownRegions = (
				en,
				Base,
			);
			mainGroup = 3416792E1FA500E2008C2ECC;
			productRefGroup = 341679381FA500E2008C2ECC /* Products */;
			projectDirPath = "";
			projectRoot = "";
			targets = (
				341679361FA500E2008C2ECC /* AJMAccordion */,
			);
		};
/* End PBXProject section */

/* Begin PBXResourcesBuildPhase section */
		341679351FA500E2008C2ECC /* Resources */ = {
			isa = PBXResourcesBuildPhase;
			buildActionMask = 2147483647;
			files = (
				341679451FA500E2008C2ECC /* LaunchScreen.storyboard in Resources */,
				341679421FA500E2008C2ECC /* Assets.xcassets in Resources */,
				3416794E1FA5031C008C2ECC /* CustomCollectionViewHeader.xib in Resources */,
				341679521FA504BB008C2ECC /* ContentCollectionViewCell.xib in Resources */,
				341679401FA500E2008C2ECC /* Main.storyboard in Resources */,
			);
			runOnlyForDeploymentPostprocessing = 0;
		};
/* End PBXResourcesBuildPhase section */

/* Begin PBXSourcesBuildPhase section */
		341679331FA500E2008C2ECC /* Sources */ = {
			isa = PBXSourcesBuildPhase;
			buildActionMask = 2147483647;
			files = (
				341679541FA5054C008C2ECC /* ContentCollectionViewCell.swift in Sources */,
				341679501FA50369008C2ECC /* CustomCollectionViewHeader.swift in Sources */,
				3416793D1FA500E2008C2ECC /* AJMViewController.swift in Sources */,
				3416793B1FA500E2008C2ECC /* AppDelegate.swift in Sources */,
			);
			runOnlyForDeploymentPostprocessing = 0;
		};
/* End PBXSourcesBuildPhase section */

/* Begin PBXVariantGroup section */
		3416793E1FA500E2008C2ECC /* Main.storyboard */ = {
			isa = PBXVariantGroup;
			children = (
				3416793F1FA500E2008C2ECC /* Base */,
			);
			name = Main.storyboard;
			sourceTree = "<group>";
		};
		341679431FA500E2008C2ECC /* LaunchScreen.storyboard */ = {
			isa = PBXVariantGroup;
			children = (
				341679441FA500E2008C2ECC /* Base */,
			);
			name = LaunchScreen.storyboard;
			sourceTree = "<group>";
		};
/* End PBXVariantGroup section */

/* Begin XCBuildConfiguration section */
		341679471FA500E2008C2ECC /* Debug */ = {
			isa = XCBuildConfiguration;
			buildSettings = {
				ALWAYS_SEARCH_USER_PATHS = NO;
				CLANG_ANALYZER_NONNULL = YES;
				CLANG_ANALYZER_NUMBER_OBJECT_CONVERSION = YES_AGGRESSIVE;
				CLANG_CXX_LANGUAGE_STANDARD = "gnu++0x";
				CLANG_CXX_LIBRARY = "libc++";
				CLANG_ENABLE_MODULES = YES;
				CLANG_ENABLE_OBJC_ARC = YES;
				CLANG_WARN_BOOL_CONVERSION = YES;
				CLANG_WARN_CONSTANT_CONVERSION = YES;
				CLANG_WARN_DIRECT_OBJC_ISA_USAGE = YES_ERROR;
				CLANG_WARN_DOCUMENTATION_COMMENTS = YES;
				CLANG_WARN_EMPTY_BODY = YES;
				CLANG_WARN_ENUM_CONVERSION = YES;
				CLANG_WARN_INFINITE_RECURSION = YES;
				CLANG_WARN_INT_CONVERSION = YES;
				CLANG_WARN_OBJC_ROOT_CLASS = YES_ERROR;
				CLANG_WARN_SUSPICIOUS_MOVE = YES;
				CLANG_WARN_UNREACHABLE_CODE = YES;
				CLANG_WARN__DUPLICATE_METHOD_MATCH = YES;
				"CODE_SIGN_IDENTITY[sdk=iphoneos*]" = "iPhone Developer";
				COPY_PHASE_STRIP = NO;
				DEBUG_INFORMATION_FORMAT = dwarf;
				ENABLE_STRICT_OBJC_MSGSEND = YES;
				ENABLE_TESTABILITY = YES;
				GCC_C_LANGUAGE_STANDARD = gnu99;
				GCC_DYNAMIC_NO_PIC = NO;
				GCC_NO_COMMON_BLOCKS = YES;
				GCC_OPTIMIZATION_LEVEL = 0;
				GCC_PREPROCESSOR_DEFINITIONS = (
					"DEBUG=1",
					"$(inherited)",
				);
				GCC_WARN_64_TO_32_BIT_CONVERSION = YES;
				GCC_WARN_ABOUT_RETURN_TYPE = YES_ERROR;
				GCC_WARN_UNDECLARED_SELECTOR = YES;
				GCC_WARN_UNINITIALIZED_AUTOS = YES_AGGRESSIVE;
				GCC_WARN_UNUSED_FUNCTION = YES;
				GCC_WARN_UNUSED_VARIABLE = YES;
				IPHONEOS_DEPLOYMENT_TARGET = 10.3;
				MTL_ENABLE_DEBUG_INFO = YES;
				ONLY_ACTIVE_ARCH = YES;
				SDKROOT = iphoneos;
				SWIFT_ACTIVE_COMPILATION_CONDITIONS = DEBUG;
				SWIFT_OPTIMIZATION_LEVEL = "-Onone";
			};
			name = Debug;
		};
		341679481FA500E2008C2ECC /* Release */ = {
			isa = XCBuildConfiguration;
			buildSettings = {
				ALWAYS_SEARCH_USER_PATHS = NO;
				CLANG_ANALYZER_NONNULL = YES;
				CLANG_ANALYZER_NUMBER_OBJECT_CONVERSION = YES_AGGRESSIVE;
				CLANG_CXX_LANGUAGE_STANDARD = "gnu++0x";
				CLANG_CXX_LIBRARY = "libc++";
				CLANG_ENABLE_MODULES = YES;
				CLANG_ENABLE_OBJC_ARC = YES;
				CLANG_WARN_BOOL_CONVERSION = YES;
				CLANG_WARN_CONSTANT_CONVERSION = YES;
				CLANG_WARN_DIRECT_OBJC_ISA_USAGE = YES_ERROR;
				CLANG_WARN_DOCUMENTATION_COMMENTS = YES;
				CLANG_WARN_EMPTY_BODY = YES;
				CLANG_WARN_ENUM_CONVERSION = YES;
				CLANG_WARN_INFINITE_RECURSION = YES;
				CLANG_WARN_INT_CONVERSION = YES;
				CLANG_WARN_OBJC_ROOT_CLASS = YES_ERROR;
				CLANG_WARN_SUSPICIOUS_MOVE = YES;
				CLANG_WARN_UNREACHABLE_CODE = YES;
				CLANG_WARN__DUPLICATE_METHOD_MATCH = YES;
				"CODE_SIGN_IDENTITY[sdk=iphoneos*]" = "iPhone Developer";
				COPY_PHASE_STRIP = NO;
				DEBUG_INFORMATION_FORMAT = "dwarf-with-dsym";
				ENABLE_NS_ASSERTIONS = NO;
				ENABLE_STRICT_OBJC_MSGSEND = YES;
				GCC_C_LANGUAGE_STANDARD = gnu99;
				GCC_NO_COMMON_BLOCKS = YES;
				GCC_WARN_64_TO_32_BIT_CONVERSION = YES;
				GCC_WARN_ABOUT_RETURN_TYPE = YES_ERROR;
				GCC_WARN_UNDECLARED_SELECTOR = YES;
				GCC_WARN_UNINITIALIZED_AUTOS = YES_AGGRESSIVE;
				GCC_WARN_UNUSED_FUNCTION = YES;
				GCC_WARN_UNUSED_VARIABLE = YES;
				IPHONEOS_DEPLOYMENT_TARGET = 10.3;
				MTL_ENABLE_DEBUG_INFO = NO;
				SDKROOT = iphoneos;
				SWIFT_OPTIMIZATION_LEVEL = "-Owholemodule";
				VALIDATE_PRODUCT = YES;
			};
			name = Release;
		};
		3416794A1FA500E2008C2ECC /* Debug */ = {
			isa = XCBuildConfiguration;
			buildSettings = {
				ASSETCATALOG_COMPILER_APPICON_NAME = AppIcon;
				DEVELOPMENT_TEAM = U4J2U6VS3H;
				INFOPLIST_FILE = AJMAccordion/Info.plist;
				LD_RUNPATH_SEARCH_PATHS = "$(inherited) @executable_path/Frameworks";
				PRODUCT_BUNDLE_IDENTIFIER = TheKairuz.AJMAccordion;
				PRODUCT_NAME = "$(TARGET_NAME)";
				SWIFT_VERSION = 3.0;
			};
			name = Debug;
		};
		3416794B1FA500E2008C2ECC /* Release */ = {
			isa = XCBuildConfiguration;
			buildSettings = {
				ASSETCATALOG_COMPILER_APPICON_NAME = AppIcon;
				DEVELOPMENT_TEAM = U4J2U6VS3H;
				INFOPLIST_FILE = AJMAccordion/Info.plist;
				LD_RUNPATH_SEARCH_PATHS = "$(inherited) @executable_path/Frameworks";
				PRODUCT_BUNDLE_IDENTIFIER = TheKairuz.AJMAccordion;
				PRODUCT_NAME = "$(TARGET_NAME)";
				SWIFT_VERSION = 3.0;
			};
			name = Release;
		};
/* End XCBuildConfiguration section */

/* Begin XCConfigurationList section */
		341679321FA500E2008C2ECC /* Build configuration list for PBXProject "AJMAccordion" */ = {
			isa = XCConfigurationList;
			buildConfigurations = (
				341679471FA500E2008C2ECC /* Debug */,
				341679481FA500E2008C2ECC /* Release */,
			);
			defaultConfigurationIsVisible = 0;
			defaultConfigurationName = Release;
		};
		341679491FA500E2008C2ECC /* Build configuration list for PBXNativeTarget "AJMAccordion" */ = {
			isa = XCConfigurationList;
			buildConfigurations = (
				3416794A1FA500E2008C2ECC /* Debug */,
				3416794B1FA500E2008C2ECC /* Release */,
			);
			defaultConfigurationIsVisible = 0;
		};
/* End XCConfigurationList section */
	};
	rootObject = 3416792F1FA500E2008C2ECC /* Project object */;
}
